github.com/coder/websocket v1.8.12 h1:5bUXkEPPIbewrnkU8LTCLVaxi4N4J8ahufH2vlo4NAo=
github.com/coder/websocket v1.8.12/go.mod h1:LNVeNrXQZfe5qhS9ALED3uA+l5pPqvwXg3CKoDBB2gs=
github.com/ksysoev/deriv-api v0.5.3 h1:oO0sjy7bkYMU+MoyphHl8Wyy89wYwROoUnd85l7Tcpc=
github.com/ksysoev/deriv-api v0.5.3/go.mod h1:u1Dg7stgh+BqcxxIcoupBFW+yWf3DsUjx22hNoidG7U=
github.com/ksysoev/wasabi v0.5.0 h1:6cQWUZ5OiqgRxCDUA05W+SU1QKa0/v4Wv4PQUUu7ZTc=
github.com/ksysoev/wasabi v0.5.0/go.mod h1:jT6h7llkiuPG6J4VH5/4cF+NAwYCvXPwFsvfwnCiIUc=
golang.org/x/sync v0.8.0 h1:3NFvSEYkUoMifnESzZl15y791HH1qU2xm6eCJU5ZPXQ=
golang.org/x/sync v0.8.0/go.mod h1:Czt+wKu1gCyEFDUtn0jG5QVvpJ6rzVqr5aXyt9drQfk=
nhooyr.io/websocket v1.8.11 h1:f/qXNc2/3DpoSZkHt1DQu6rj4zGC8JmkkLkWss0MgN0=
nhooyr.io/websocket v1.8.11/go.mod h1:rN9OFWIUwuxg4fR5tELlYC04bXYowCP9GX47ivo2l+c=
